[root]
name = "timely"
version = "0.0.4"
dependencies = [
 "columnar 0.0.5 (registry+https://github.com/rust-lang/crates.io-index)",
 "docopt 0.6.16 (registry+https://github.com/rust-lang/crates.io-index)",
 "docopt_macros 0.6.16 (registry+https://github.com/rust-lang/crates.io-index)",
]

[[package]]
name = "columnar"
version = "0.0.5"
source = "registry+https://github.com/rust-lang/crates.io-index"

[[package]]
name = "docopt"
version = "0.6.16"
source = "registry+https://github.com/rust-lang/crates.io-index"

[[package]]
name = "docopt_macros"
version = "0.6.16"
source = "registry+https://github.com/rust-lang/crates.io-index"
dependencies = [
 "docopt 0.6.16 (registry+https://github.com/rust-lang/crates.io-index)",
]

